
Microsoft Visual Studio Solution File, Format Version 12.00
# Visual Studio Version 17
VisualStudioVersion = 17.1.32328.378
MinimumVisualStudioVersion = 10.0.40219.1
Project("{FAE04EC0-301F-11D3-BF4B-00C04F79EFBC}") = "Core", "Core\Core.csproj", "{D086CB49-5FB8-4153-BD70-5AA0BA15E991}"
EndProject
Project("{FAE04EC0-301F-11D3-BF4B-00C04F79EFBC}") = "Entities", "Entities\Entities.csproj", "{2AE40C7C-AB9A-42FE-917F-F4029F7B652D}"
EndProject
Project("{FAE04EC0-301F-11D3-BF4B-00C04F79EFBC}") = "Business", "Business\Business.csproj", "{48EFC910-6A92-498B-92F5-C29A3538B3C5}"
EndProject
Global
	GlobalSection(SolutionConfigurationPlatforms) = preSolution
		Debug|Any CPU = Debug|Any CPU
		Release|Any CPU = Release|Any CPU
	EndGlobalSection
	GlobalSection(ProjectConfigurationPlatforms) = postSolution
		{D086CB49-5FB8-4153-BD70-5AA0BA15E991}.Debug|Any CPU.ActiveCfg = Debug|Any CPU
		{D086CB49-5FB8-4153-BD70-5AA0BA15E991}.Debug|Any CPU.Build.0 = Debug|Any CPU
		{D086CB49-5FB8-4153-BD70-5AA0BA15E991}.Release|Any CPU.ActiveCfg = Release|Any CPU
		{D086CB49-5FB8-4153-BD70-5AA0BA15E991}.Release|Any CPU.Build.0 = Release|Any CPU
		{2AE40C7C-AB9A-42FE-917F-F4029F7B652D}.Debug|Any CPU.ActiveCfg = Debug|Any CPU
		{2AE40C7C-AB9A-42FE-917F-F4029F7B652D}.Debug|Any CPU.Build.0 = Debug|Any CPU
		{2AE40C7C-AB9A-42FE-917F-F4029F7B652D}.Release|Any CPU.ActiveCfg = Release|Any CPU
		{2AE40C7C-AB9A-42FE-917F-F4029F7B652D}.Release|Any CPU.Build.0 = Release|Any CPU
		{48EFC910-6A92-498B-92F5-C29A3538B3C5}.Debug|Any CPU.ActiveCfg = Debug|Any CPU
		{48EFC910-6A92-498B-92F5-C29A3538B3C5}.Debug|Any CPU.Build.0 = Debug|Any CPU
		{48EFC910-6A92-498B-92F5-C29A3538B3C5}.Release|Any CPU.ActiveCfg = Release|Any CPU
		{48EFC910-6A92-498B-92F5-C29A3538B3C5}.Release|Any CPU.Build.0 = Release|Any CPU
	EndGlobalSection
	GlobalSection(SolutionProperties) = preSolution
		HideSolutionNode = FALSE
	EndGlobalSection
	GlobalSection(ExtensibilityGlobals) = postSolution
		SolutionGuid = {74FE99F8-EF3E-4477-9988-CA7171B0743B}
	EndGlobalSection
EndGlobal
